// !$*UTF8*$!
{
	archiveVersion = 1;
	classes = {
	};
	objectVersion = 77;
	objects = {

/* Begin PBXBuildFile section */
		D8BB08D02DFB98C00058444C /* yolov11n-face.mlpackage in Sources */ = {isa = PBXBuildFile; fileRef = D8BB08CF2DFB98C00058444C /* yolov11n-face.mlpackage */; };
		D8BB08DC2DFBA33D0058444C /* LANumerics in Frameworks */ = {isa = PBXBuildFile; productRef = D8BB08DB2DFBA33D0058444C /* LANumerics */; };
		D8BB09062DFBB2A60058444C /* LASwift in Frameworks */ = {isa = PBXBuildFile; productRef = D8BB09052DFBB2A60058444C /* LASwift */; };
		D8BB090C2DFBEBF30058444C /* MobileFaceNet.mlpackage in Sources */ = {isa = PBXBuildFile; fileRef = D8BB090B2DFBEBF30058444C /* MobileFaceNet.mlpackage */; };
/* End PBXBuildFile section */

/* Begin PBXContainerItemProxy section */
		D8BB08A92DFB76510058444C /* PBXContainerItemProxy */ = {
			isa = PBXContainerItemProxy;
			containerPortal = D8BB08912DFB764F0058444C /* Project object */;
			proxyType = 1;
			remoteGlobalIDString = D8BB08982DFB764F0058444C;
			remoteInfo = "ASD Prototype";
		};
		D8BB08B32DFB76510058444C /* PBXContainerItemProxy */ = {
			isa = PBXContainerItemProxy;
			containerPortal = D8BB08912DFB764F0058444C /* Project object */;
			proxyType = 1;
			remoteGlobalIDString = D8BB08982DFB764F0058444C;
			remoteInfo = "ASD Prototype";
		};
/* End PBXContainerItemProxy section */

/* Begin PBXFileReference section */
		D8BB08992DFB764F0058444C /* ASD Prototype.app */ = {isa = PBXFileReference; explicitFileType = wrapper.application; includeInIndex = 0; path = "ASD Prototype.app"; sourceTree = BUILT_PRODUCTS_DIR; };
		D8BB08A82DFB76510058444C /* ASD PrototypeTests.xctest */ = {isa = PBXFileReference; explicitFileType = wrapper.cfbundle; includeInIndex = 0; path = "ASD PrototypeTests.xctest"; sourceTree = BUILT_PRODUCTS_DIR; };
		D8BB08B22DFB76510058444C /* ASD PrototypeUITests.xctest */ = {isa = PBXFileReference; explicitFileType = wrapper.cfbundle; includeInIndex = 0; path = "ASD PrototypeUITests.xctest"; sourceTree = BUILT_PRODUCTS_DIR; };
		D8BB08CF2DFB98C00058444C /* yolov11n-face.mlpackage */ = {isa = PBXFileReference; lastKnownFileType = folder.mlpackage; path = "yolov11n-face.mlpackage"; sourceTree = "<group>"; };
		D8BB090B2DFBEBF30058444C /* MobileFaceNet.mlpackage */ = {isa = PBXFileReference; lastKnownFileType = folder.mlpackage; path = MobileFaceNet.mlpackage; sourceTree = "<group>"; };
/* End PBXFileReference section */

/* Begin PBXFileSystemSynchronizedRootGroup section */
		D8BB089B2DFB764F0058444C /* ASD Prototype */ = {
			isa = PBXFileSystemSynchronizedRootGroup;
			path = "ASD Prototype";
			sourceTree = "<group>";
		};
		D8BB08AB2DFB76510058444C /* ASD PrototypeTests */ = {
			isa = PBXFileSystemSynchronizedRootGroup;
			path = "ASD PrototypeTests";
			sourceTree = "<group>";
		};
		D8BB08B52DFB76510058444C /* ASD PrototypeUITests */ = {
			isa = PBXFileSystemSynchronizedRootGroup;
			path = "ASD PrototypeUITests";
			sourceTree = "<group>";
		};
/* End PBXFileSystemSynchronizedRootGroup section */

/* Begin PBXFrameworksBuildPhase section */
		D8BB08962DFB764F0058444C /* Frameworks */ = {
			isa = PBXFrameworksBuildPhase;
			buildActionMask = 2147483647;
			files = (
				D8BB08DC2DFBA33D0058444C /* LANumerics in Frameworks */,
				D8BB09062DFBB2A60058444C /* LASwift in Frameworks */,
			);
			runOnlyForDeploymentPostprocessing = 0;
		};
		D8BB08A52DFB76510058444C /* Frameworks */ = {
			isa = PBXFrameworksBuildPhase;
			buildActionMask = 2147483647;
			files = (
			);
			runOnlyForDeploymentPostprocessing = 0;
		};
		D8BB08AF2DFB76510058444C /* Frameworks */ = {
			isa = PBXFrameworksBuildPhase;
			buildActionMask = 2147483647;
			files = (
			);
			runOnlyForDeploymentPostprocessing = 0;
		};
/* End PBXFrameworksBuildPhase section */

/* Begin PBXGroup section */
		D8BB08902DFB764F0058444C = {
			isa = PBXGroup;
			children = (
				D8BB089B2DFB764F0058444C /* ASD Prototype */,
				D8BB08AB2DFB76510058444C /* ASD PrototypeTests */,
				D8BB08B52DFB76510058444C /* ASD PrototypeUITests */,
				D8BB089A2DFB764F0058444C /* Products */,
				D8BB08CF2DFB98C00058444C /* yolov11n-face.mlpackage */,
				D8BB090B2DFBEBF30058444C /* MobileFaceNet.mlpackage */,
			);
			sourceTree = "<group>";
		};
		D8BB089A2DFB764F0058444C /* Products */ = {
			isa = PBXGroup;
			children = (
				D8BB08992DFB764F0058444C /* ASD Prototype.app */,
				D8BB08A82DFB76510058444C /* ASD PrototypeTests.xctest */,
				D8BB08B22DFB76510058444C /* ASD PrototypeUITests.xctest */,
			);
			name = Products;
			sourceTree = "<group>";
		};
/* End PBXGroup section */

/* Begin PBXNativeTarget section */
		D8BB08982DFB764F0058444C /* ASD Prototype */ = {
			isa = PBXNativeTarget;
			buildConfigurationList = D8BB08BC2DFB76510058444C /* Build configuration list for PBXNativeTarget "ASD Prototype" */;
			buildPhases = (
				D8BB08952DFB764F0058444C /* Sources */,
				D8BB08962DFB764F0058444C /* Frameworks */,
				D8BB08972DFB764F0058444C /* Resources */,
			);
			buildRules = (
			);
			dependencies = (
			);
			fileSystemSynchronizedGroups = (
				D8BB089B2DFB764F0058444C /* ASD Prototype */,
			);
			name = "ASD Prototype";
			packageProductDependencies = (
				D8BB08DB2DFBA33D0058444C /* LANumerics */,
				D8BB09052DFBB2A60058444C /* LASwift */,
			);
			productName = "ASD Prototype";
			productReference = D8BB08992DFB764F0058444C /* ASD Prototype.app */;
			productType = "com.apple.product-type.application";
		};
		D8BB08A72DFB76510058444C /* ASD PrototypeTests */ = {
			isa = PBXNativeTarget;
			buildConfigurationList = D8BB08BF2DFB76510058444C /* Build configuration list for PBXNativeTarget "ASD PrototypeTests" */;
			buildPhases = (
				D8BB08A42DFB76510058444C /* Sources */,
				D8BB08A52DFB76510058444C /* Frameworks */,
				D8BB08A62DFB76510058444C /* Resources */,
			);
			buildRules = (
			);
			dependencies = (
				D8BB08AA2DFB76510058444C /* PBXTargetDependency */,
			);
			fileSystemSynchronizedGroups = (
				D8BB08AB2DFB76510058444C /* ASD PrototypeTests */,
			);
			name = "ASD PrototypeTests";
			packageProductDependencies = (
			);
			productName = "ASD PrototypeTests";
			productReference = D8BB08A82DFB76510058444C /* ASD PrototypeTests.xctest */;
			productType = "com.apple.product-type.bundle.unit-test";
		};
		D8BB08B12DFB76510058444C /* ASD PrototypeUITests */ = {
			isa = PBXNativeTarget;
			buildConfigurationList = D8BB08C22DFB76510058444C /* Build configuration list for PBXNativeTarget "ASD PrototypeUITests" */;
			buildPhases = (
				D8BB08AE2DFB76510058444C /* Sources */,
				D8BB08AF2DFB76510058444C /* Frameworks */,
				D8BB08B02DFB76510058444C /* Resources */,
			);
			buildRules = (
			);
			dependencies = (
				D8BB08B42DFB76510058444C /* PBXTargetDependency */,
			);
			fileSystemSynchronizedGroups = (
				D8BB08B52DFB76510058444C /* ASD PrototypeUITests */,
			);
			name = "ASD PrototypeUITests";
			packageProductDependencies = (
			);
			productName = "ASD PrototypeUITests";
			productReference = D8BB08B22DFB76510058444C /* ASD PrototypeUITests.xctest */;
			productType = "com.apple.product-type.bundle.ui-testing";
		};
/* End PBXNativeTarget section */

/* Begin PBXProject section */
		D8BB08912DFB764F0058444C /* Project object */ = {
			isa = PBXProject;
			attributes = {
				BuildIndependentTargetsInParallel = 1;
				LastSwiftUpdateCheck = 1640;
				LastUpgradeCheck = 1640;
				TargetAttributes = {
					D8BB08982DFB764F0058444C = {
						CreatedOnToolsVersion = 16.4;
					};
					D8BB08A72DFB76510058444C = {
						CreatedOnToolsVersion = 16.4;
						TestTargetID = D8BB08982DFB764F0058444C;
					};
					D8BB08B12DFB76510058444C = {
						CreatedOnToolsVersion = 16.4;
						TestTargetID = D8BB08982DFB764F0058444C;
					};
				};
			};
			buildConfigurationList = D8BB08942DFB764F0058444C /* Build configuration list for PBXProject "ASD Prototype" */;
			developmentRegion = en;
			hasScannedForEncodings = 0;
			knownRegions = (
				en,
				Base,
			);
			mainGroup = D8BB08902DFB764F0058444C;
			minimizedProjectReferenceProxies = 1;
			packageReferences = (
				D8BB08D92DFB9FF00058444C /* XCRemoteSwiftPackageReference "LASwift" */,
				D8BB08DA2DFBA33D0058444C /* XCRemoteSwiftPackageReference "LANumerics" */,
			);
			preferredProjectObjectVersion = 77;
			productRefGroup = D8BB089A2DFB764F0058444C /* Products */;
			projectDirPath = "";
			projectRoot = "";
			targets = (
				D8BB08982DFB764F0058444C /* ASD Prototype */,
				D8BB08A72DFB76510058444C /* ASD PrototypeTests */,
				D8BB08B12DFB76510058444C /* ASD PrototypeUITests */,
			);
		};
/* End PBXProject section */

/* Begin PBXResourcesBuildPhase section */
		D8BB08972DFB764F0058444C /* Resources */ = {
			isa = PBXResourcesBuildPhase;
			buildActionMask = 2147483647;
			files = (
			);
			runOnlyForDeploymentPostprocessing = 0;
		};
		D8BB08A62DFB76510058444C /* Resources */ = {
			isa = PBXResourcesBuildPhase;
			buildActionMask = 2147483647;
			files = (
			);
			runOnlyForDeploymentPostprocessing = 0;
		};
		D8BB08B02DFB76510058444C /* Resources */ = {
			isa = PBXResourcesBuildPhase;
			buildActionMask = 2147483647;
			files = (
			);
			runOnlyForDeploymentPostprocessing = 0;
		};
/* End PBXResourcesBuildPhase section */

/* Begin PBXSourcesBuildPhase section */
		D8BB08952DFB764F0058444C /* Sources */ = {
			isa = PBXSourcesBuildPhase;
			buildActionMask = 2147483647;
			files = (
				D8BB090C2DFBEBF30058444C /* MobileFaceNet.mlpackage in Sources */,
				D8BB08D02DFB98C00058444C /* yolov11n-face.mlpackage in Sources */,
			);
			runOnlyForDeploymentPostprocessing = 0;
		};
		D8BB08A42DFB76510058444C /* Sources */ = {
			isa = PBXSourcesBuildPhase;
			buildActionMask = 2147483647;
			files = (
			);
			runOnlyForDeploymentPostprocessing = 0;
		};
		D8BB08AE2DFB76510058444C /* Sources */ = {
			isa = PBXSourcesBuildPhase;
			buildActionMask = 2147483647;
			files = (
			);
			runOnlyForDeploymentPostprocessing = 0;
		};
/* End PBXSourcesBuildPhase section */

/* Begin PBXTargetDependency section */
		D8BB08AA2DFB76510058444C /* PBXTargetDependency */ = {
			isa = PBXTargetDependency;
			target = D8BB08982DFB764F0058444C /* ASD Prototype */;
			targetProxy = D8BB08A92DFB76510058444C /* PBXContainerItemProxy */;
		};
		D8BB08B42DFB76510058444C /* PBXTargetDependency */ = {
			isa = PBXTargetDependency;
			target = D8BB08982DFB764F0058444C /* ASD Prototype */;
			targetProxy = D8BB08B32DFB76510058444C /* PBXContainerItemProxy */;
		};
/* End PBXTargetDependency section */

/* Begin XCBuildConfiguration section */
		D8BB08BA2DFB76510058444C /* Debug */ = {
			isa = XCBuildConfiguration;
			buildSettings = {
				ALWAYS_SEARCH_USER_PATHS = NO;
				ASSETCATALOG_COMPILER_GENERATE_SWIFT_ASSET_SYMBOL_EXTENSIONS = YES;
				CLANG_ANALYZER_NONNULL = YES;
				CLANG_ANALYZER_NUMBER_OBJECT_CONVERSION = YES_AGGRESSIVE;
				CLANG_CXX_LANGUAGE_STANDARD = "gnu++20";
				CLANG_ENABLE_MODULES = YES;
				CLANG_ENABLE_OBJC_ARC = YES;
				CLANG_ENABLE_OBJC_WEAK = YES;
				CLANG_WARN_BLOCK_CAPTURE_AUTORELEASING = YES;
				CLANG_WARN_BOOL_CONVERSION = YES;
				CLANG_WARN_COMMA = YES;
				CLANG_WARN_CONSTANT_CONVERSION = YES;
				CLANG_WARN_DEPRECATED_OBJC_IMPLEMENTATIONS = YES;
				CLANG_WARN_DIRECT_OBJC_ISA_USAGE = YES_ERROR;
				CLANG_WARN_DOCUMENTATION_COMMENTS = YES;
				CLANG_WARN_EMPTY_BODY = YES;
				CLANG_WARN_ENUM_CONVERSION = YES;
				CLANG_WARN_INFINITE_RECURSION = YES;
				CLANG_WARN_INT_CONVERSION = YES;
				CLANG_WARN_NON_LITERAL_NULL_CONVERSION = YES;
				CLANG_WARN_OBJC_IMPLICIT_RETAIN_SELF = YES;
				CLANG_WARN_OBJC_LITERAL_CONVERSION = YES;
				CLANG_WARN_OBJC_ROOT_CLASS = YES_ERROR;
				CLANG_WARN_QUOTED_INCLUDE_IN_FRAMEWORK_HEADER = YES;
				CLANG_WARN_RANGE_LOOP_ANALYSIS = YES;
				CLANG_WARN_STRICT_PROTOTYPES = YES;
				CLANG_WARN_SUSPICIOUS_MOVE = YES;
				CLANG_WARN_UNGUARDED_AVAILABILITY = YES_AGGRESSIVE;
				CLANG_WARN_UNREACHABLE_CODE = YES;
				CLANG_WARN__DUPLICATE_METHOD_MATCH = YES;
				COPY_PHASE_STRIP = NO;
				DEBUG_INFORMATION_FORMAT = dwarf;
				DEVELOPMENT_TEAM = X9PT5KMK89;
				ENABLE_STRICT_OBJC_MSGSEND = YES;
				ENABLE_TESTABILITY = YES;
				ENABLE_USER_SCRIPT_SANDBOXING = YES;
				GCC_C_LANGUAGE_STANDARD = gnu17;
				GCC_DYNAMIC_NO_PIC = NO;
				GCC_NO_COMMON_BLOCKS = YES;
				GCC_OPTIMIZATION_LEVEL = 0;
				GCC_PREPROCESSOR_DEFINITIONS = (
					"DEBUG=1",
					"$(inherited)",
				);
				GCC_WARN_64_TO_32_BIT_CONVERSION = YES;
				GCC_WARN_ABOUT_RETURN_TYPE = YES_ERROR;
				GCC_WARN_UNDECLARED_SELECTOR = YES;
				GCC_WARN_UNINITIALIZED_AUTOS = YES_AGGRESSIVE;
				GCC_WARN_UNUSED_FUNCTION = YES;
				GCC_WARN_UNUSED_VARIABLE = YES;
				IPHONEOS_DEPLOYMENT_TARGET = 18.5;
				LOCALIZATION_PREFERS_STRING_CATALOGS = YES;
				MTL_ENABLE_DEBUG_INFO = INCLUDE_SOURCE;
				MTL_FAST_MATH = YES;
				ONLY_ACTIVE_ARCH = YES;
				SDKROOT = iphoneos;
				SWIFT_ACTIVE_COMPILATION_CONDITIONS = "DEBUG $(inherited)";
				SWIFT_OPTIMIZATION_LEVEL = "-Onone";
			};
			name = Debug;
		};
		D8BB08BB2DFB76510058444C /* Release */ = {
			isa = XCBuildConfiguration;
			buildSettings = {
				ALWAYS_SEARCH_USER_PATHS = NO;
				ASSETCATALOG_COMPILER_GENERATE_SWIFT_ASSET_SYMBOL_EXTENSIONS = YES;
				CLANG_ANALYZER_NONNULL = YES;
				CLANG_ANALYZER_NUMBER_OBJECT_CONVERSION = YES_AGGRESSIVE;
				CLANG_CXX_LANGUAGE_STANDARD = "gnu++20";
				CLANG_ENABLE_MODULES = YES;
				CLANG_ENABLE_OBJC_ARC = YES;
				CLANG_ENABLE_OBJC_WEAK = YES;
				CLANG_WARN_BLOCK_CAPTURE_AUTORELEASING = YES;
				CLANG_WARN_BOOL_CONVERSION = YES;
				CLANG_WARN_COMMA = YES;
				CLANG_WARN_CONSTANT_CONVERSION = YES;
				CLANG_WARN_DEPRECATED_OBJC_IMPLEMENTATIONS = YES;
				CLANG_WARN_DIRECT_OBJC_ISA_USAGE = YES_ERROR;
				CLANG_WARN_DOCUMENTATION_COMMENTS = YES;
				CLANG_WARN_EMPTY_BODY = YES;
				CLANG_WARN_ENUM_CONVERSION = YES;
				CLANG_WARN_INFINITE_RECURSION = YES;
				CLANG_WARN_INT_CONVERSION = YES;
				CLANG_WARN_NON_LITERAL_NULL_CONVERSION = YES;
				CLANG_WARN_OBJC_IMPLICIT_RETAIN_SELF = YES;
				CLANG_WARN_OBJC_LITERAL_CONVERSION = YES;
				CLANG_WARN_OBJC_ROOT_CLASS = YES_ERROR;
				CLANG_WARN_QUOTED_INCLUDE_IN_FRAMEWORK_HEADER = YES;
				CLANG_WARN_RANGE_LOOP_ANALYSIS = YES;
				CLANG_WARN_STRICT_PROTOTYPES = YES;
				CLANG_WARN_SUSPICIOUS_MOVE = YES;
				CLANG_WARN_UNGUARDED_AVAILABILITY = YES_AGGRESSIVE;
				CLANG_WARN_UNREACHABLE_CODE = YES;
				CLANG_WARN__DUPLICATE_METHOD_MATCH = YES;
				COPY_PHASE_STRIP = NO;
				DEBUG_INFORMATION_FORMAT = "dwarf-with-dsym";
				DEVELOPMENT_TEAM = X9PT5KMK89;
				ENABLE_NS_ASSERTIONS = NO;
				ENABLE_STRICT_OBJC_MSGSEND = YES;
				ENABLE_USER_SCRIPT_SANDBOXING = YES;
				GCC_C_LANGUAGE_STANDARD = gnu17;
				GCC_NO_COMMON_BLOCKS = YES;
				GCC_WARN_64_TO_32_BIT_CONVERSION = YES;
				GCC_WARN_ABOUT_RETURN_TYPE = YES_ERROR;
				GCC_WARN_UNDECLARED_SELECTOR = YES;
				GCC_WARN_UNINITIALIZED_AUTOS = YES_AGGRESSIVE;
				GCC_WARN_UNUSED_FUNCTION = YES;
				GCC_WARN_UNUSED_VARIABLE = YES;
				IPHONEOS_DEPLOYMENT_TARGET = 18.5;
				LOCALIZATION_PREFERS_STRING_CATALOGS = YES;
				MTL_ENABLE_DEBUG_INFO = NO;
				MTL_FAST_MATH = YES;
				SDKROOT = iphoneos;
				SWIFT_COMPILATION_MODE = wholemodule;
				VALIDATE_PRODUCT = YES;
			};
			name = Release;
		};
		D8BB08BD2DFB76510058444C /* Debug */ = {
			isa = XCBuildConfiguration;
			buildSettings = {
				ASSETCATALOG_COMPILER_APPICON_NAME = AppIcon;
				ASSETCATALOG_COMPILER_GLOBAL_ACCENT_COLOR_NAME = AccentColor;
				CODE_SIGN_STYLE = Automatic;
				CURRENT_PROJECT_VERSION = 1;
				DEVELOPMENT_TEAM = X9PT5KMK89;
				ENABLE_PREVIEWS = YES;
				ENABLE_RESOURCE_ACCESS_CAMERA = YES;
				GENERATE_INFOPLIST_FILE = YES;
				INFOPLIST_KEY_NSCameraUsageDescription = "\"This app uses the camera to detect faces in real-time.\"";
				INFOPLIST_KEY_UIApplicationSceneManifest_Generation = YES;
				INFOPLIST_KEY_UIApplicationSupportsIndirectInputEvents = YES;
				INFOPLIST_KEY_UILaunchScreen_Generation = YES;
				INFOPLIST_KEY_UISupportedInterfaceOrientations_iPad = "UIInterfaceOrientationPortrait UIInterfaceOrientationPortraitUpsideDown UIInterfaceOrientationLandscapeLeft UIInterfaceOrientationLandscapeRight";
				INFOPLIST_KEY_UISupportedInterfaceOrientations_iPhone = "UIInterfaceOrientationPortrait UIInterfaceOrientationLandscapeLeft UIInterfaceOrientationLandscapeRight";
				LD_RUNPATH_SEARCH_PATHS = (
					"$(inherited)",
					"@executable_path/Frameworks",
				);
				MARKETING_VERSION = 1.0;
				PRODUCT_BUNDLE_IDENTIFIER = "LearningSwift.ASD-Prototype";
				PRODUCT_NAME = "$(TARGET_NAME)";
				SWIFT_EMIT_LOC_STRINGS = YES;
				SWIFT_VERSION = 5.0;
				TARGETED_DEVICE_FAMILY = "1,2";
			};
			name = Debug;
		};
		D8BB08BE2DFB76510058444C /* Release */ = {
			isa = XCBuildConfiguration;
			buildSettings = {
				ASSETCATALOG_COMPILER_APPICON_NAME = AppIcon;
				ASSETCATALOG_COMPILER_GLOBAL_ACCENT_COLOR_NAME = AccentColor;
				CODE_SIGN_STYLE = Automatic;
				CURRENT_PROJECT_VERSION = 1;
				DEVELOPMENT_TEAM = X9PT5KMK89;
				ENABLE_PREVIEWS = YES;
				ENABLE_RESOURCE_ACCESS_CAMERA = YES;
				GENERATE_INFOPLIST_FILE = YES;
				INFOPLIST_KEY_NSCameraUsageDescription = "\"This app uses the camera to detect faces in real-time.\"";
				INFOPLIST_KEY_UIApplicationSceneManifest_Generation = YES;
				INFOPLIST_KEY_UIApplicationSupportsIndirectInputEvents = YES;
				INFOPLIST_KEY_UILaunchScreen_Generation = YES;
				INFOPLIST_KEY_UISupportedInterfaceOrientations_iPad = "UIInterfaceOrientationPortrait UIInterfaceOrientationPortraitUpsideDown UIInterfaceOrientationLandscapeLeft UIInterfaceOrientationLandscapeRight";
				INFOPLIST_KEY_UISupportedInterfaceOrientations_iPhone = "UIInterfaceOrientationPortrait UIInterfaceOrientationLandscapeLeft UIInterfaceOrientationLandscapeRight";
				LD_RUNPATH_SEARCH_PATHS = (
					"$(inherited)",
					"@executable_path/Frameworks",
				);
				MARKETING_VERSION = 1.0;
				PRODUCT_BUNDLE_IDENTIFIER = "LearningSwift.ASD-Prototype";
				PRODUCT_NAME = "$(TARGET_NAME)";
				SWIFT_EMIT_LOC_STRINGS = YES;
				SWIFT_VERSION = 5.0;
				TARGETED_DEVICE_FAMILY = "1,2";
			};
			name = Release;
		};
		D8BB08C02DFB76510058444C /* Debug */ = {
			isa = XCBuildConfiguration;
			buildSettings = {
				BUNDLE_LOADER = "$(TEST_HOST)";
				CODE_SIGN_STYLE = Automatic;
				CURRENT_PROJECT_VERSION = 1;
				DEVELOPMENT_TEAM = X9PT5KMK89;
				GENERATE_INFOPLIST_FILE = YES;
				IPHONEOS_DEPLOYMENT_TARGET = 18.5;
				MARKETING_VERSION = 1.0;
				PRODUCT_BUNDLE_IDENTIFIER = "LearningSwift.ASD-PrototypeTests";
				PRODUCT_NAME = "$(TARGET_NAME)";
				SWIFT_EMIT_LOC_STRINGS = NO;
				SWIFT_VERSION = 5.0;
				TARGETED_DEVICE_FAMILY = "1,2";
				TEST_HOST = "$(BUILT_PRODUCTS_DIR)/ASD Prototype.app/$(BUNDLE_EXECUTABLE_FOLDER_PATH)/ASD Prototype";
			};
			name = Debug;
		};
		D8BB08C12DFB76510058444C /* Release */ = {
			isa = XCBuildConfiguration;
			buildSettings = {
				BUNDLE_LOADER = "$(TEST_HOST)";
				CODE_SIGN_STYLE = Automatic;
				CURRENT_PROJECT_VERSION = 1;
				DEVELOPMENT_TEAM = X9PT5KMK89;
				GENERATE_INFOPLIST_FILE = YES;
				IPHONEOS_DEPLOYMENT_TARGET = 18.5;
				MARKETING_VERSION = 1.0;
				PRODUCT_BUNDLE_IDENTIFIER = "LearningSwift.ASD-PrototypeTests";
				PRODUCT_NAME = "$(TARGET_NAME)";
				SWIFT_EMIT_LOC_STRINGS = NO;
				SWIFT_VERSION = 5.0;
				TARGETED_DEVICE_FAMILY = "1,2";
				TEST_HOST = "$(BUILT_PRODUCTS_DIR)/ASD Prototype.app/$(BUNDLE_EXECUTABLE_FOLDER_PATH)/ASD Prototype";
			};
			name = Release;
		};
		D8BB08C32DFB76510058444C /* Debug */ = {
			isa = XCBuildConfiguration;
			buildSettings = {
				CODE_SIGN_STYLE = Automatic;
				CURRENT_PROJECT_VERSION = 1;
				DEVELOPMENT_TEAM = X9PT5KMK89;
				GENERATE_INFOPLIST_FILE = YES;
				MARKETING_VERSION = 1.0;
				PRODUCT_BUNDLE_IDENTIFIER = "LearningSwift.ASD-PrototypeUITests";
				PRODUCT_NAME = "$(TARGET_NAME)";
				SWIFT_EMIT_LOC_STRINGS = NO;
				SWIFT_VERSION = 5.0;
				TARGETED_DEVICE_FAMILY = "1,2";
				TEST_TARGET_NAME = "ASD Prototype";
			};
			name = Debug;
		};
		D8BB08C42DFB76510058444C /* Release */ = {
			isa = XCBuildConfiguration;
			buildSettings = {
				CODE_SIGN_STYLE = Automatic;
				CURRENT_PROJECT_VERSION = 1;
				DEVELOPMENT_TEAM = X9PT5KMK89;
				GENERATE_INFOPLIST_FILE = YES;
				MARKETING_VERSION = 1.0;
				PRODUCT_BUNDLE_IDENTIFIER = "LearningSwift.ASD-PrototypeUITests";
				PRODUCT_NAME = "$(TARGET_NAME)";
				SWIFT_EMIT_LOC_STRINGS = NO;
				SWIFT_VERSION = 5.0;
				TARGETED_DEVICE_FAMILY = "1,2";
				TEST_TARGET_NAME = "ASD Prototype";
			};
			name = Release;
		};
/* End XCBuildConfiguration section */

/* Begin XCConfigurationList section */
		D8BB08942DFB764F0058444C /* Build configuration list for PBXProject "ASD Prototype" */ = {
			isa = XCConfigurationList;
			buildConfigurations = (
				D8BB08BA2DFB76510058444C /* Debug */,
				D8BB08BB2DFB76510058444C /* Release */,
			);
			defaultConfigurationIsVisible = 0;
			defaultConfigurationName = Release;
		};
		D8BB08BC2DFB76510058444C /* Build configuration list for PBXNativeTarget "ASD Prototype" */ = {
			isa = XCConfigurationList;
			buildConfigurations = (
				D8BB08BD2DFB76510058444C /* Debug */,
				D8BB08BE2DFB76510058444C /* Release */,
			);
			defaultConfigurationIsVisible = 0;
			defaultConfigurationName = Release;
		};
		D8BB08BF2DFB76510058444C /* Build configuration list for PBXNativeTarget "ASD PrototypeTests" */ = {
			isa = XCConfigurationList;
			buildConfigurations = (
				D8BB08C02DFB76510058444C /* Debug */,
				D8BB08C12DFB76510058444C /* Release */,
			);
			defaultConfigurationIsVisible = 0;
			defaultConfigurationName = Release;
		};
		D8BB08C22DFB76510058444C /* Build configuration list for PBXNativeTarget "ASD PrototypeUITests" */ = {
			isa = XCConfigurationList;
			buildConfigurations = (
				D8BB08C32DFB76510058444C /* Debug */,
				D8BB08C42DFB76510058444C /* Release */,
			);
			defaultConfigurationIsVisible = 0;
			defaultConfigurationName = Release;
		};
/* End XCConfigurationList section */

/* Begin XCRemoteSwiftPackageReference section */
		D8BB08D92DFB9FF00058444C /* XCRemoteSwiftPackageReference "LASwift" */ = {
			isa = XCRemoteSwiftPackageReference;
			repositoryURL = "https://github.com/AlexanderTar/LASwift.git";
			requirement = {
				kind = upToNextMajorVersion;
				minimumVersion = 0.3.2;
			};
		};
		D8BB08DA2DFBA33D0058444C /* XCRemoteSwiftPackageReference "LANumerics" */ = {
			isa = XCRemoteSwiftPackageReference;
			repositoryURL = "https://github.com/phlegmaticprogrammer/LANumerics.git";
			requirement = {
				branch = master;
				kind = branch;
			};
		};
/* End XCRemoteSwiftPackageReference section */

/* Begin XCSwiftPackageProductDependency section */
		D8BB08DB2DFBA33D0058444C /* LANumerics */ = {
			isa = XCSwiftPackageProductDependency;
			package = D8BB08DA2DFBA33D0058444C /* XCRemoteSwiftPackageReference "LANumerics" */;
			productName = LANumerics;
		};
		D8BB09052DFBB2A60058444C /* LASwift */ = {
			isa = XCSwiftPackageProductDependency;
			package = D8BB08D92DFB9FF00058444C /* XCRemoteSwiftPackageReference "LASwift" */;
			productName = LASwift;
		};
/* End XCSwiftPackageProductDependency section */
	};
	rootObject = D8BB08912DFB764F0058444C /* Project object */;
}
